
Microsoft Visual Studio Solution File, Format Version 12.00
# Visual Studio Version 17
VisualStudioVersion = 17.3.32901.215
MinimumVisualStudioVersion = 10.0.40219.1
Project("{8BC9CEB8-8B4A-11D0-8D11-00A0C91BC942}") = "Engine22", "Engine22\Engine22.vcxproj", "{A9204CAB-33A5-43C4-9DA1-4D8E0F27531F}"
EndProject
Project("{8BC9CEB8-8B4A-11D0-8D11-00A0C91BC942}") = "Pen", "Pen\Pen.vcxproj", "{F95CB754-C4E2-4E99-A060-FD6B1015E03B}"
EndProject
Project("{8BC9CEB8-8B4A-11D0-8D11-00A0C91BC942}") = "glfw", "glfw\build\src\glfw.vcxproj", "{A3AF66DC-6C62-3B30-8950-C81AB0BD533A}"
EndProject
Project("{8BC9CEB8-8B4A-11D0-8D11-00A0C91BC942}") = "glad", "glad\glad.vcxproj", "{F3EF8EB8-95C7-4645-A46C-A1261C890ACC}"
EndProject
Project("{8BC9CEB8-8B4A-11D0-8D11-00A0C91BC942}") = "stbi", "stbi\stbi.vcxproj", "{9298CB72-9A2F-4619-A369-F056223499A2}"
EndProject
Global
	GlobalSection(SolutionConfigurationPlatforms) = preSolution
		Debug|x64 = Debug|x64
		Debug|x86 = Debug|x86
		MinSizeRel|x64 = MinSizeRel|x64
		MinSizeRel|x86 = MinSizeRel|x86
		Release|x64 = Release|x64
		Release|x86 = Release|x86
		RelWithDebInfo|x64 = RelWithDebInfo|x64
		RelWithDebInfo|x86 = RelWithDebInfo|x86
	EndGlobalSection
	GlobalSection(ProjectConfigurationPlatforms) = postSolution
		{A9204CAB-33A5-43C4-9DA1-4D8E0F27531F}.Debug|x64.ActiveCfg = Debug|x64
		{A9204CAB-33A5-43C4-9DA1-4D8E0F27531F}.Debug|x64.Build.0 = Debug|x64
		{A9204CAB-33A5-43C4-9DA1-4D8E0F27531F}.Debug|x86.ActiveCfg = Debug|Win32
		{A9204CAB-33A5-43C4-9DA1-4D8E0F27531F}.Debug|x86.Build.0 = Debug|Win32
		{A9204CAB-33A5-43C4-9DA1-4D8E0F27531F}.MinSizeRel|x64.ActiveCfg = Release|x64
		{A9204CAB-33A5-43C4-9DA1-4D8E0F27531F}.MinSizeRel|x64.Build.0 = Release|x64
		{A9204CAB-33A5-43C4-9DA1-4D8E0F27531F}.MinSizeRel|x86.ActiveCfg = Debug|Win32
		{A9204CAB-33A5-43C4-9DA1-4D8E0F27531F}.MinSizeRel|x86.Build.0 = Debug|Win32
		{A9204CAB-33A5-43C4-9DA1-4D8E0F27531F}.Release|x64.ActiveCfg = Release|x64
		{A9204CAB-33A5-43C4-9DA1-4D8E0F27531F}.Release|x64.Build.0 = Release|x64
		{A9204CAB-33A5-43C4-9DA1-4D8E0F27531F}.Release|x86.ActiveCfg = Release|Win32
		{A9204CAB-33A5-43C4-9DA1-4D8E0F27531F}.Release|x86.Build.0 = Release|Win32
		{A9204CAB-33A5-43C4-9DA1-4D8E0F27531F}.RelWithDebInfo|x64.ActiveCfg = Release|x64
		{A9204CAB-33A5-43C4-9DA1-4D8E0F27531F}.RelWithDebInfo|x64.Build.0 = Release|x64
		{A9204CAB-33A5-43C4-9DA1-4D8E0F27531F}.RelWithDebInfo|x86.ActiveCfg = Release|Win32
		{A9204CAB-33A5-43C4-9DA1-4D8E0F27531F}.RelWithDebInfo|x86.Build.0 = Release|Win32
		{F95CB754-C4E2-4E99-A060-FD6B1015E03B}.Debug|x64.ActiveCfg = Debug|x64
		{F95CB754-C4E2-4E99-A060-FD6B1015E03B}.Debug|x64.Build.0 = Debug|x64
		{F95CB754-C4E2-4E99-A060-FD6B1015E03B}.Debug|x86.ActiveCfg = Debug|Win32
		{F95CB754-C4E2-4E99-A060-FD6B1015E03B}.Debug|x86.Build.0 = Debug|Win32
		{F95CB754-C4E2-4E99-A060-FD6B1015E03B}.MinSizeRel|x64.ActiveCfg = Release|x64
		{F95CB754-C4E2-4E99-A060-FD6B1015E03B}.MinSizeRel|x64.Build.0 = Release|x64
		{F95CB754-C4E2-4E99-A060-FD6B1015E03B}.MinSizeRel|x86.ActiveCfg = Debug|Win32
		{F95CB754-C4E2-4E99-A060-FD6B1015E03B}.MinSizeRel|x86.Build.0 = Debug|Win32
		{F95CB754-C4E2-4E99-A060-FD6B1015E03B}.Release|x64.ActiveCfg = Release|x64
		{F95CB754-C4E2-4E99-A060-FD6B1015E03B}.Release|x64.Build.0 = Release|x64
		{F95CB754-C4E2-4E99-A060-FD6B1015E03B}.Release|x86.ActiveCfg = Release|Win32
		{F95CB754-C4E2-4E99-A060-FD6B1015E03B}.Release|x86.Build.0 = Release|Win32
		{F95CB754-C4E2-4E99-A060-FD6B1015E03B}.RelWithDebInfo|x64.ActiveCfg = Release|x64
		{F95CB754-C4E2-4E99-A060-FD6B1015E03B}.RelWithDebInfo|x64.Build.0 = Release|x64
		{F95CB754-C4E2-4E99-A060-FD6B1015E03B}.RelWithDebInfo|x86.ActiveCfg = Release|Win32
		{F95CB754-C4E2-4E99-A060-FD6B1015E03B}.RelWithDebInfo|x86.Build.0 = Release|Win32
		{A3AF66DC-6C62-3B30-8950-C81AB0BD533A}.Debug|x64.ActiveCfg = Debug|x64
		{A3AF66DC-6C62-3B30-8950-C81AB0BD533A}.Debug|x64.Build.0 = Debug|x64
		{A3AF66DC-6C62-3B30-8950-C81AB0BD533A}.Debug|x86.ActiveCfg = Debug|x64
		{A3AF66DC-6C62-3B30-8950-C81AB0BD533A}.Debug|x86.Build.0 = Debug|x64
		{A3AF66DC-6C62-3B30-8950-C81AB0BD533A}.MinSizeRel|x64.ActiveCfg = MinSizeRel|x64
		{A3AF66DC-6C62-3B30-8950-C81AB0BD533A}.MinSizeRel|x64.Build.0 = MinSizeRel|x64
		{A3AF66DC-6C62-3B30-8950-C81AB0BD533A}.MinSizeRel|x86.ActiveCfg = MinSizeRel|x64
		{A3AF66DC-6C62-3B30-8950-C81AB0BD533A}.MinSizeRel|x86.Build.0 = MinSizeRel|x64
		{A3AF66DC-6C62-3B30-8950-C81AB0BD533A}.Release|x64.ActiveCfg = Release|x64
		{A3AF66DC-6C62-3B30-8950-C81AB0BD533A}.Release|x64.Build.0 = Release|x64
		{A3AF66DC-6C62-3B30-8950-C81AB0BD533A}.Release|x86.ActiveCfg = Release|x64
		{A3AF66DC-6C62-3B30-8950-C81AB0BD533A}.Release|x86.Build.0 = Release|x64
		{A3AF66DC-6C62-3B30-8950-C81AB0BD533A}.RelWithDebInfo|x64.ActiveCfg = RelWithDebInfo|x64
		{A3AF66DC-6C62-3B30-8950-C81AB0BD533A}.RelWithDebInfo|x64.Build.0 = RelWithDebInfo|x64
		{A3AF66DC-6C62-3B30-8950-C81AB0BD533A}.RelWithDebInfo|x86.ActiveCfg = RelWithDebInfo|x64
		{A3AF66DC-6C62-3B30-8950-C81AB0BD533A}.RelWithDebInfo|x86.Build.0 = RelWithDebInfo|x64
		{F3EF8EB8-95C7-4645-A46C-A1261C890ACC}.Debug|x64.ActiveCfg = Debug|x64
		{F3EF8EB8-95C7-4645-A46C-A1261C890ACC}.Debug|x64.Build.0 = Debug|x64
		{F3EF8EB8-95C7-4645-A46C-A1261C890ACC}.Debug|x86.ActiveCfg = Debug|Win32
		{F3EF8EB8-95C7-4645-A46C-A1261C890ACC}.Debug|x86.Build.0 = Debug|Win32
		{F3EF8EB8-95C7-4645-A46C-A1261C890ACC}.MinSizeRel|x64.ActiveCfg = Debug|x64
		{F3EF8EB8-95C7-4645-A46C-A1261C890ACC}.MinSizeRel|x64.Build.0 = Debug|x64
		{F3EF8EB8-95C7-4645-A46C-A1261C890ACC}.MinSizeRel|x86.ActiveCfg = Debug|Win32
		{F3EF8EB8-95C7-4645-A46C-A1261C890ACC}.MinSizeRel|x86.Build.0 = Debug|Win32
		{F3EF8EB8-95C7-4645-A46C-A1261C890ACC}.Release|x64.ActiveCfg = Release|x64
		{F3EF8EB8-95C7-4645-A46C-A1261C890ACC}.Release|x64.Build.0 = Release|x64
		{F3EF8EB8-95C7-4645-A46C-A1261C890ACC}.Release|x86.ActiveCfg = Release|Win32
		{F3EF8EB8-95C7-4645-A46C-A1261C890ACC}.Release|x86.Build.0 = Release|Win32
		{F3EF8EB8-95C7-4645-A46C-A1261C890ACC}.RelWithDebInfo|x64.ActiveCfg = Release|x64
		{F3EF8EB8-95C7-4645-A46C-A1261C890ACC}.RelWithDebInfo|x64.Build.0 = Release|x64
		{F3EF8EB8-95C7-4645-A46C-A1261C890ACC}.RelWithDebInfo|x86.ActiveCfg = Release|Win32
		{F3EF8EB8-95C7-4645-A46C-A1261C890ACC}.RelWithDebInfo|x86.Build.0 = Release|Win32
		{9298CB72-9A2F-4619-A369-F056223499A2}.Debug|x64.ActiveCfg = Debug|x64
		{9298CB72-9A2F-4619-A369-F056223499A2}.Debug|x64.Build.0 = Debug|x64
		{9298CB72-9A2F-4619-A369-F056223499A2}.Debug|x86.ActiveCfg = Debug|Win32
		{9298CB72-9A2F-4619-A369-F056223499A2}.Debug|x86.Build.0 = Debug|Win32
		{9298CB72-9A2F-4619-A369-F056223499A2}.MinSizeRel|x64.ActiveCfg = Debug|x64
		{9298CB72-9A2F-4619-A369-F056223499A2}.MinSizeRel|x64.Build.0 = Debug|x64
		{9298CB72-9A2F-4619-A369-F056223499A2}.MinSizeRel|x86.ActiveCfg = Debug|Win32
		{9298CB72-9A2F-4619-A369-F056223499A2}.MinSizeRel|x86.Build.0 = Debug|Win32
		{9298CB72-9A2F-4619-A369-F056223499A2}.Release|x64.ActiveCfg = Release|x64
		{9298CB72-9A2F-4619-A369-F056223499A2}.Release|x64.Build.0 = Release|x64
		{9298CB72-9A2F-4619-A369-F056223499A2}.Release|x86.ActiveCfg = Release|Win32
		{9298CB72-9A2F-4619-A369-F056223499A2}.Release|x86.Build.0 = Release|Win32
		{9298CB72-9A2F-4619-A369-F056223499A2}.RelWithDebInfo|x64.ActiveCfg = Release|x64
		{9298CB72-9A2F-4619-A369-F056223499A2}.RelWithDebInfo|x64.Build.0 = Release|x64
		{9298CB72-9A2F-4619-A369-F056223499A2}.RelWithDebInfo|x86.ActiveCfg = Release|Win32
		{9298CB72-9A2F-4619-A369-F056223499A2}.RelWithDebInfo|x86.Build.0 = Release|Win32
	EndGlobalSection
	GlobalSection(SolutionProperties) = preSolution
		HideSolutionNode = FALSE
	EndGlobalSection
	GlobalSection(ExtensibilityGlobals) = postSolution
		SolutionGuid = {BC3B3D96-7FA5-4DF0-B9CB-4039F939BF37}
	EndGlobalSection
EndGlobal
